
Microsoft Visual Studio Solution File, Format Version 12.00
# Visual Studio Version 17
VisualStudioVersion = 17.1.32210.238
MinimumVisualStudioVersion = 10.0.40219.1
Project("{FAE04EC0-301F-11D3-BF4B-00C04F79EFBC}") = "HW_5", "HW_5\HW_5.csproj", "{8312F49A-F51F-4790-92DB-B834BA47951D}"
EndProject
Global
	GlobalSection(SolutionConfigurationPlatforms) = preSolution
		Debug|Any CPU = Debug|Any CPU
		Release|Any CPU = Release|Any CPU
	EndGlobalSection
	GlobalSection(ProjectConfigurationPlatforms) = postSolution
		{8312F49A-F51F-4790-92DB-B834BA47951D}.Debug|Any CPU.ActiveCfg = Debug|Any CPU
		{8312F49A-F51F-4790-92DB-B834BA47951D}.Debug|Any CPU.Build.0 = Debug|Any CPU
		{8312F49A-F51F-4790-92DB-B834BA47951D}.Release|Any CPU.ActiveCfg = Release|Any CPU
		{8312F49A-F51F-4790-92DB-B834BA47951D}.Release|Any CPU.Build.0 = Release|Any CPU
	EndGlobalSection
	GlobalSection(SolutionProperties) = preSolution
		HideSolutionNode = FALSE
	EndGlobalSection
	GlobalSection(ExtensibilityGlobals) = postSolution
		SolutionGuid = {1C93FF54-9871-4B7C-AC78-B647CE7B2192}
	EndGlobalSection
EndGlobal
